{
  "name": "learning-react",
  "version": "1.0.0",
  "lockfileVersion": 3,
  "requires": true,
  "packages": {
    "": {
      "name": "learning-react",
      "version": "1.0.0",
      "license": "MIT",
      "devDependencies": {
        "@babel/parser": "7.9.6"
      }
    },
    "node_modules/@babel/parser": {
      "version": "7.9.6",
      "resolved": "https://registry.npmjs.org/@babel/parser/-/parser-7.9.6.tgz",
      "integrity": "sha512-AoeIEJn8vt+d/6+PXDRPaksYhnlbMIiejioBZvvMQsOjW/JYK6k/0dKnvvP3EhK5GfMBWDPtrxRtegWdAcdq9Q==",
      "dev": true,
      "license": "MIT",
      "bin": {
        "parser": "bin/babel-parser.js"
      },
      "engines": {
        "node": ">=6.0.0"
      }
    }
  }
}
